
Microsoft Visual Studio Solution File, Format Version 12.00
# Visual Studio Version 17
VisualStudioVersion = 17.5.002.0
MinimumVisualStudioVersion = 10.0.40219.1
Project("{9A19103F-16F7-4668-BE54-9A1E7A4F7556}") = "E-commerce", "E-commerce.csproj", "{FADD01FF-B322-4C82-A177-E00ABB38BB64}"
EndProject
Global
	GlobalSection(SolutionConfigurationPlatforms) = preSolution
		Debug|Any CPU = Debug|Any CPU
		Release|Any CPU = Release|Any CPU
	EndGlobalSection
	GlobalSection(ProjectConfigurationPlatforms) = postSolution
		{FADD01FF-B322-4C82-A177-E00ABB38BB64}.Debug|Any CPU.ActiveCfg = Debug|Any CPU
		{FADD01FF-B322-4C82-A177-E00ABB38BB64}.Debug|Any CPU.Build.0 = Debug|Any CPU
		{FADD01FF-B322-4C82-A177-E00ABB38BB64}.Release|Any CPU.ActiveCfg = Release|Any CPU
		{FADD01FF-B322-4C82-A177-E00ABB38BB64}.Release|Any CPU.Build.0 = Release|Any CPU
	EndGlobalSection
	GlobalSection(SolutionProperties) = preSolution
		HideSolutionNode = FALSE
	EndGlobalSection
	GlobalSection(ExtensibilityGlobals) = postSolution
		SolutionGuid = {13D2BCC6-AFBA-4BA6-A9EE-1CEF149C9C26}
	EndGlobalSection
EndGlobal
